{
  "nodes": {
    "exporttosqlite3-main": {
      "inputs": {
        "flakeNimbleLib": [
          "flakeNimbleLib"
        ],
        "nixpkgs": [
          "nixpkgs"
        ],
        "src-exporttosqlite3-main": "src-exporttosqlite3-main"
      },
      "locked": {
        "dir": "main",
        "lastModified": 1662254455,
        "narHash": "sha256-ef5Iayc2QEAtmgTxl1IEQG6YnUFjZpcPeHhpZRmA6Jo=",
        "owner": "nim-nix-pkgs",
        "repo": "exporttosqlite3",
        "rev": "c1234c12ca666371a494ab9356053bca96a950ff",
        "type": "github"
      },
      "original": {
        "dir": "main",
        "owner": "nim-nix-pkgs",
        "ref": "master",
        "repo": "exporttosqlite3",
        "type": "github"
      }
    },
    "flakeNimbleLib": {
      "inputs": {
        "nixpkgs": [
          "nixpkgs"
        ]
      },
      "locked": {
        "lastModified": 1662018438,
        "narHash": "sha256-QtNtU6+LX3Wokxf0zlFwKTFOcn6TeDjKQZ+DA9OYtvM=",
        "owner": "riinr",
        "repo": "nim-flakes-lib",
        "rev": "b1fe8340736e3a85d25c709ac3dfd82a55c03cbf",
        "type": "github"
      },
      "original": {
        "owner": "riinr",
        "ref": "master",
        "repo": "nim-flakes-lib",
        "type": "github"
      }
    },
    "nixpkgs": {
      "locked": {
        "lastModified": 1667110639,
        "narHash": "sha256-4FbPESZ5LbqQxkJJJBAfk/zKgF9h/4kyUwjjpJwYlbc=",
        "owner": "NixOS",
        "repo": "nixpkgs",
        "rev": "f38a1f04d1bec1feb61fd101a0539ae2002a7087",
        "type": "github"
      },
      "original": {
        "id": "nixpkgs",
        "type": "indirect"
      }
    },
    "root": {
      "inputs": {
        "exporttosqlite3-main": "exporttosqlite3-main",
        "flakeNimbleLib": "flakeNimbleLib",
        "nixpkgs": "nixpkgs"
      }
    },
    "src-exporttosqlite3-main": {
      "flake": false,
      "locked": {
        "lastModified": 1624523649,
        "narHash": "sha256-ZidyFexrBE5xeEdBiwiqCKMy0cENpRRnQlZUyNRKTpQ=",
        "owner": "niklaskorz",
        "repo": "nim-exporttosqlite3",
        "rev": "03c9081d6e3192a30adacb4ffec14caaa226a2d8",
        "type": "github"
      },
      "original": {
        "owner": "niklaskorz",
        "ref": "refs/heads/main",
        "repo": "nim-exporttosqlite3",
        "type": "github"
      }
    }
  },
  "root": "root",
  "version": 7
}
